
Microsoft Visual Studio Solution File, Format Version 12.00
# Visual Studio 15
VisualStudioVersion = 15.0.28307.329
MinimumVisualStudioVersion = 10.0.40219.1
Project("{FAE04EC0-301F-11D3-BF4B-00C04F79EFBC}") = "Task2", "Task2\Task2.csproj", "{A61735FF-1375-4F18-8477-EFCE30438A62}"
EndProject
Global
	GlobalSection(SolutionConfigurationPlatforms) = preSolution
		Debug|Any CPU = Debug|Any CPU
		Release|Any CPU = Release|Any CPU
	EndGlobalSection
	GlobalSection(ProjectConfigurationPlatforms) = postSolution
		{A61735FF-1375-4F18-8477-EFCE30438A62}.Debug|Any CPU.ActiveCfg = Debug|Any CPU
		{A61735FF-1375-4F18-8477-EFCE30438A62}.Debug|Any CPU.Build.0 = Debug|Any CPU
		{A61735FF-1375-4F18-8477-EFCE30438A62}.Release|Any CPU.ActiveCfg = Release|Any CPU
		{A61735FF-1375-4F18-8477-EFCE30438A62}.Release|Any CPU.Build.0 = Release|Any CPU
	EndGlobalSection
	GlobalSection(SolutionProperties) = preSolution
		HideSolutionNode = FALSE
	EndGlobalSection
	GlobalSection(ExtensibilityGlobals) = postSolution
		SolutionGuid = {C195821A-134A-4099-8BC5-AAFC143B9997}
	EndGlobalSection
EndGlobal
